
Microsoft Visual Studio Solution File, Format Version 12.00
# Visual Studio Express 14 for Windows Desktop
VisualStudioVersion = 14.0.25420.1
MinimumVisualStudioVersion = 10.0.40219.1
Project("{FAE04EC0-301F-11D3-BF4B-00C04F79EFBC}") = "SubTrans", "SubTrans\SubTrans.csproj", "{79ED0E9F-C175-4781-BB3A-FC7E21FF5207}"
EndProject
Project("{FAE04EC0-301F-11D3-BF4B-00C04F79EFBC}") = "SubTrans.wpf", "SubTrans.Wpf\SubTrans.wpf.csproj", "{2929DEFD-F39E-4009-A5E8-12ED05CB1CC6}"
EndProject
Project("{2150E333-8FDC-42A3-9474-1A3956D46DE8}") = "Solution Items", "Solution Items", "{4A1F138D-94B4-4A2E-8EB2-C65517BD36EA}"
	ProjectSection(SolutionItems) = preProject
		MIT License = MIT License
		readme.md = readme.md
	EndProjectSection
EndProject
Global
	GlobalSection(SolutionConfigurationPlatforms) = preSolution
		Debug|Any CPU = Debug|Any CPU
		Release|Any CPU = Release|Any CPU
	EndGlobalSection
	GlobalSection(ProjectConfigurationPlatforms) = postSolution
		{79ED0E9F-C175-4781-BB3A-FC7E21FF5207}.Debug|Any CPU.ActiveCfg = Debug|Any CPU
		{79ED0E9F-C175-4781-BB3A-FC7E21FF5207}.Debug|Any CPU.Build.0 = Debug|Any CPU
		{79ED0E9F-C175-4781-BB3A-FC7E21FF5207}.Release|Any CPU.ActiveCfg = Release|Any CPU
		{79ED0E9F-C175-4781-BB3A-FC7E21FF5207}.Release|Any CPU.Build.0 = Release|Any CPU
		{2929DEFD-F39E-4009-A5E8-12ED05CB1CC6}.Debug|Any CPU.ActiveCfg = Debug|Any CPU
		{2929DEFD-F39E-4009-A5E8-12ED05CB1CC6}.Debug|Any CPU.Build.0 = Debug|Any CPU
		{2929DEFD-F39E-4009-A5E8-12ED05CB1CC6}.Release|Any CPU.ActiveCfg = Release|Any CPU
		{2929DEFD-F39E-4009-A5E8-12ED05CB1CC6}.Release|Any CPU.Build.0 = Release|Any CPU
	EndGlobalSection
	GlobalSection(SolutionProperties) = preSolution
		HideSolutionNode = FALSE
	EndGlobalSection
EndGlobal
